
Microsoft Visual Studio Solution File, Format Version 12.00
# Visual Studio Version 16
VisualStudioVersion = 16.0.31025.194
MinimumVisualStudioVersion = 10.0.40219.1
Project("{FAE04EC0-301F-11D3-BF4B-00C04F79EFBC}") = "RailResult", "RailResult\RailResult.csproj", "{A13BB4EA-E5DD-4532-B880-1F46B321BCE2}"
EndProject
Global
	GlobalSection(SolutionConfigurationPlatforms) = preSolution
		Debug|Any CPU = Debug|Any CPU
		Release|Any CPU = Release|Any CPU
	EndGlobalSection
	GlobalSection(ProjectConfigurationPlatforms) = postSolution
		{A13BB4EA-E5DD-4532-B880-1F46B321BCE2}.Debug|Any CPU.ActiveCfg = Debug|Any CPU
		{A13BB4EA-E5DD-4532-B880-1F46B321BCE2}.Debug|Any CPU.Build.0 = Debug|Any CPU
		{A13BB4EA-E5DD-4532-B880-1F46B321BCE2}.Release|Any CPU.ActiveCfg = Release|Any CPU
		{A13BB4EA-E5DD-4532-B880-1F46B321BCE2}.Release|Any CPU.Build.0 = Release|Any CPU
	EndGlobalSection
	GlobalSection(SolutionProperties) = preSolution
		HideSolutionNode = FALSE
	EndGlobalSection
	GlobalSection(ExtensibilityGlobals) = postSolution
		SolutionGuid = {656EDACD-0310-4950-9FFB-31A8D83AB089}
	EndGlobalSection
EndGlobal
