
Microsoft Visual Studio Solution File, Format Version 12.00
# Visual Studio Version 16
VisualStudioVersion = 16.0.31025.194
MinimumVisualStudioVersion = 10.0.40219.1
Project("{9A19103F-16F7-4668-BE54-9A1E7A4F7556}") = "TwoTrackResult", "TwoTrack\TwoTrackResult.csproj", "{A13BB4EA-E5DD-4532-B880-1F46B321BCE2}"
EndProject
Project("{9A19103F-16F7-4668-BE54-9A1E7A4F7556}") = "Tests", "Tests\Tests.csproj", "{7F222B1D-3354-4326-8B9B-8A8B275C8134}"
EndProject
Global
	GlobalSection(SolutionConfigurationPlatforms) = preSolution
		Debug|Any CPU = Debug|Any CPU
		Release|Any CPU = Release|Any CPU
	EndGlobalSection
	GlobalSection(ProjectConfigurationPlatforms) = postSolution
		{A13BB4EA-E5DD-4532-B880-1F46B321BCE2}.Debug|Any CPU.ActiveCfg = Debug|Any CPU
		{A13BB4EA-E5DD-4532-B880-1F46B321BCE2}.Debug|Any CPU.Build.0 = Debug|Any CPU
		{A13BB4EA-E5DD-4532-B880-1F46B321BCE2}.Release|Any CPU.ActiveCfg = Release|Any CPU
		{A13BB4EA-E5DD-4532-B880-1F46B321BCE2}.Release|Any CPU.Build.0 = Release|Any CPU
		{7F222B1D-3354-4326-8B9B-8A8B275C8134}.Debug|Any CPU.ActiveCfg = Debug|Any CPU
		{7F222B1D-3354-4326-8B9B-8A8B275C8134}.Debug|Any CPU.Build.0 = Debug|Any CPU
		{7F222B1D-3354-4326-8B9B-8A8B275C8134}.Release|Any CPU.ActiveCfg = Release|Any CPU
		{7F222B1D-3354-4326-8B9B-8A8B275C8134}.Release|Any CPU.Build.0 = Release|Any CPU
	EndGlobalSection
	GlobalSection(SolutionProperties) = preSolution
		HideSolutionNode = FALSE
	EndGlobalSection
	GlobalSection(ExtensibilityGlobals) = postSolution
		SolutionGuid = {656EDACD-0310-4950-9FFB-31A8D83AB089}
	EndGlobalSection
EndGlobal
